
Microsoft Visual Studio Solution File, Format Version 12.00
# Visual Studio 15
VisualStudioVersion = 15.0.28307.136
MinimumVisualStudioVersion = 10.0.40219.1
Project("{FAE04EC0-301F-11D3-BF4B-00C04F79EFBC}") = "NServiceBusSagaService", "NServiceBusSagaService\NServiceBusSagaService.csproj", "{2A3A5857-63BE-4246-9BA7-7C1499C76060}"
EndProject
Global
	GlobalSection(SolutionConfigurationPlatforms) = preSolution
		Debug|Any CPU = Debug|Any CPU
		Release|Any CPU = Release|Any CPU
	EndGlobalSection
	GlobalSection(ProjectConfigurationPlatforms) = postSolution
		{2A3A5857-63BE-4246-9BA7-7C1499C76060}.Debug|Any CPU.ActiveCfg = Debug|Any CPU
		{2A3A5857-63BE-4246-9BA7-7C1499C76060}.Debug|Any CPU.Build.0 = Debug|Any CPU
		{2A3A5857-63BE-4246-9BA7-7C1499C76060}.Release|Any CPU.ActiveCfg = Release|Any CPU
		{2A3A5857-63BE-4246-9BA7-7C1499C76060}.Release|Any CPU.Build.0 = Release|Any CPU
	EndGlobalSection
	GlobalSection(SolutionProperties) = preSolution
		HideSolutionNode = FALSE
	EndGlobalSection
	GlobalSection(ExtensibilityGlobals) = postSolution
		SolutionGuid = {DE0B303A-58E8-43B9-AFC4-DD0305EA16AA}
	EndGlobalSection
EndGlobal
